{
  "name": "ti4-turnos",
  "version": "1.0.0",
  "lockfileVersion": 3,
  "requires": true,
  "packages": {
    "": {
      "name": "ti4-turnos",
      "version": "1.0.0",
      "dependencies": {
        "@stomp/stompjs": "^7.0.0",
        "dotenv": "^16.4.5",
        "ws": "^8.18.0"
      }
    },
    "node_modules/@stomp/stompjs": {
      "version": "7.3.0",
      "resolved": "https://registry.npmjs.org/@stomp/stompjs/-/stompjs-7.3.0.tgz",
      "integrity": "sha512-nKMLoFfJhrQAqkvvKd1vLq/cVBGCMwPRCD0LqW7UT1fecRx9C3GoKEIR2CYwVuErGeZu8w0kFkl2rlhPlqHVgQ==",
      "license": "Apache-2.0"
    },
    "node_modules/dotenv": {
      "version": "16.6.1",
      "resolved": "https://registry.npmjs.org/dotenv/-/dotenv-16.6.1.tgz",
      "integrity": "sha512-uBq4egWHTcTt33a72vpSG0z3HnPuIl6NqYcTrKEg2azoEyl2hpW0zqlxysq2pK9HlDIHyHyakeYaYnSAwd8bow==",
      "license": "BSD-2-Clause",
      "engines": {
        "node": ">=12"
      },
      "funding": {
        "url": "https://dotenvx.com"
      }
    },
    "node_modules/ws": {
      "version": "8.22.0",
      "resolved": "https://registry.npmjs.org/ws/-/ws-8.22.0.tgz",
      "integrity": "sha512-Ydggc987+RO0AnWtZ/7Wq9FtNvcrL1b/RO0ud9mWjUPgDrsAAwQSF51sm2hm1XofbU/4jkpGEsLFsZZxU+1DOg==",
      "license": "MIT",
      "engines": {
        "node": ">=10.0.0"
      },
      "peerDependencies": {
        "bufferutil": "^4.0.1",
        "utf-8-validate": ">=5.0.2"
      },
      "peerDependenciesMeta": {
        "bufferutil": {
          "optional": true
        },
        "utf-8-validate": {
          "optional": true
        }
      }
    }
  }
}
